
Microsoft Visual Studio Solution File, Format Version 12.00
# Visual Studio Version 17
VisualStudioVersion = 17.4.33103.184
MinimumVisualStudioVersion = 10.0.40219.1
Project("{FAE04EC0-301F-11D3-BF4B-00C04F79EFBC}") = "BarberShop", "BarberShop.csproj", "{187D3248-B667-4C51-B4B9-9FDF9E5CC0CB}"
EndProject
Global
	GlobalSection(SolutionConfigurationPlatforms) = preSolution
		Debug|Any CPU = Debug|Any CPU
		Release|Any CPU = Release|Any CPU
	EndGlobalSection
	GlobalSection(ProjectConfigurationPlatforms) = postSolution
		{187D3248-B667-4C51-B4B9-9FDF9E5CC0CB}.Debug|Any CPU.ActiveCfg = Debug|Any CPU
		{187D3248-B667-4C51-B4B9-9FDF9E5CC0CB}.Debug|Any CPU.Build.0 = Debug|Any CPU
		{187D3248-B667-4C51-B4B9-9FDF9E5CC0CB}.Release|Any CPU.ActiveCfg = Release|Any CPU
		{187D3248-B667-4C51-B4B9-9FDF9E5CC0CB}.Release|Any CPU.Build.0 = Release|Any CPU
	EndGlobalSection
	GlobalSection(SolutionProperties) = preSolution
		HideSolutionNode = FALSE
	EndGlobalSection
	GlobalSection(ExtensibilityGlobals) = postSolution
		SolutionGuid = {20014171-CFC1-45E6-A59A-24F2FD2154C2}
	EndGlobalSection
EndGlobal
